// !$*UTF8*$!
{
	archiveVersion = 1;
	classes = {
	};
	objectVersion = 56;
	objects = {

/* Begin PBXBuildFile section */
		593ED24C2935CFA9007BC45A /* GBPeerJs.docc in Sources */ = {isa = PBXBuildFile; fileRef = 593ED24B2935CFA9007BC45A /* GBPeerJs.docc */; };
		593ED2522935CFA9007BC45A /* GBPeerJs.framework in Frameworks */ = {isa = PBXBuildFile; fileRef = 593ED2472935CFA9007BC45A /* GBPeerJs.framework */; };
		593ED2572935CFA9007BC45A /* GBPeerJsTests.swift in Sources */ = {isa = PBXBuildFile; fileRef = 593ED2562935CFA9007BC45A /* GBPeerJsTests.swift */; };
		593ED2582935CFA9007BC45A /* GBPeerJs.h in Headers */ = {isa = PBXBuildFile; fileRef = 593ED24A2935CFA9007BC45A /* GBPeerJs.h */; settings = {ATTRIBUTES = (Public, ); }; };
		59D1458D2936F74000339673 /* Localizable.strings in Resources */ = {isa = PBXBuildFile; fileRef = 59D1458F2936F74000339673 /* Localizable.strings */; };
		65B8C0204542A2801106BA47 /* GBPeerConnection.swift in Sources */ = {isa = PBXBuildFile; fileRef = 65B8CF62DF40564AD6CDA643 /* GBPeerConnection.swift */; };
		65B8C052466638CD0BC35EF4 /* ConnectionType.swift in Sources */ = {isa = PBXBuildFile; fileRef = 65B8CB1F6574536DBFB8EA36 /* ConnectionType.swift */; };
		65B8C071DD87580BCFF2F6AE /* Logger.swift in Sources */ = {isa = PBXBuildFile; fileRef = 65B8CF51783AC6F14E740DDE /* Logger.swift */; };
		65B8C093AA83EF3EF7335BA9 /* PeerJsOfferRequestEntity.swift in Sources */ = {isa = PBXBuildFile; fileRef = 65B8C5A7117260530071C134 /* PeerJsOfferRequestEntity.swift */; };
		65B8C0E2BF683F4D019177A5 /* GBPeer.swift in Sources */ = {isa = PBXBuildFile; fileRef = 65B8CFC5F5F0FA2F631F95E7 /* GBPeer.swift */; };
		65B8C47ABAB76D2614132C8A /* INegotiator.swift in Sources */ = {isa = PBXBuildFile; fileRef = 65B8CDCBF1B44F6472F40D42 /* INegotiator.swift */; };
		65B8C66F5298215B6D14DBA8 /* IPeer.swift in Sources */ = {isa = PBXBuildFile; fileRef = 65B8C7AEA53C90F75A44569E /* IPeer.swift */; };
		65B8C77C3A00C25BB46A1F18 /* IConnection.swift in Sources */ = {isa = PBXBuildFile; fileRef = 65B8C0261BA46635AB51D3DD /* IConnection.swift */; };
		65B8C8571E30B759EF587E0A /* GBPeerMediaConnection.swift in Sources */ = {isa = PBXBuildFile; fileRef = 65B8C7067709C9F84D0E282D /* GBPeerMediaConnection.swift */; };
		65B8C8C96435E8AEC51BD80E /* Negotiator.swift in Sources */ = {isa = PBXBuildFile; fileRef = 65B8C5AC2460D04AD49B9EBB /* Negotiator.swift */; };
		65B8C8D2E622D1E1D26C0E16 /* GBPeerMedia.swift in Sources */ = {isa = PBXBuildFile; fileRef = 65B8C90EA44AD0AD22ED5BD2 /* GBPeerMedia.swift */; };
		65B8CAFE4A1855FE01AC55B5 /* GBPeer+Param.swift in Sources */ = {isa = PBXBuildFile; fileRef = 65B8C771F1BA6213FBA9B582 /* GBPeer+Param.swift */; };
		65B8CB3074C34C26BF94A81C /* ISocket.swift in Sources */ = {isa = PBXBuildFile; fileRef = 65B8C1D4E3595F93BE5A7A98 /* ISocket.swift */; };
		65B8CB4C5DBA6103913DF02C /* GBPeerJs.swift in Sources */ = {isa = PBXBuildFile; fileRef = 65B8CCF436BFA68301C842E8 /* GBPeerJs.swift */; };
		65B8CB7F602DDC885BCF14C3 /* PeerJsCandidateRequestEntity.swift in Sources */ = {isa = PBXBuildFile; fileRef = 65B8C2A29B85B3906E4987A8 /* PeerJsCandidateRequestEntity.swift */; };
		65B8CC10900AEB418986BD44 /* GBPeerJsError.swift in Sources */ = {isa = PBXBuildFile; fileRef = 65B8C4FFE0F6E4740E9CE2F9 /* GBPeerJsError.swift */; };
		65B8CCA1C761325326F8FF53 /* Util.swift in Sources */ = {isa = PBXBuildFile; fileRef = 65B8C1A75CF0456C61D837F3 /* Util.swift */; };
		65B8CCDACD8BD5BE529B0FDA /* ServerMessageType.swift in Sources */ = {isa = PBXBuildFile; fileRef = 65B8CF08D9E0ECA33AC699D5 /* ServerMessageType.swift */; };
		65B8CFD9EA5CB39DD1BBE378 /* Socket.swift in Sources */ = {isa = PBXBuildFile; fileRef = 65B8CCE3681B0DEBC9F084B3 /* Socket.swift */; };
		CB2B5B0101786F1C947E98F5 /* Pods_GBPeerJs_GBPeerJsTests.framework in Frameworks */ = {isa = PBXBuildFile; fileRef = DE4E1BA5014F9E69E009EF21 /* Pods_GBPeerJs_GBPeerJsTests.framework */; };
		DAE3C726BE474CB1552C4672 /* Pods_GBPeerJs.framework in Frameworks */ = {isa = PBXBuildFile; fileRef = 3F132D23E0D92A9E7C37C9BE /* Pods_GBPeerJs.framework */; };
/* End PBXBuildFile section */

/* Begin PBXContainerItemProxy section */
		593ED2532935CFA9007BC45A /* PBXContainerItemProxy */ = {
			isa = PBXContainerItemProxy;
			containerPortal = 593ED23E2935CFA9007BC45A /* Project object */;
			proxyType = 1;
			remoteGlobalIDString = 593ED2462935CFA9007BC45A;
			remoteInfo = GBPeerJs;
		};
/* End PBXContainerItemProxy section */

/* Begin PBXFileReference section */
		07E60423242738625B08B5F7 /* Pods-GBPeerJsTests.release.xcconfig */ = {isa = PBXFileReference; includeInIndex = 1; lastKnownFileType = text.xcconfig; name = "Pods-GBPeerJsTests.release.xcconfig"; path = "Target Support Files/Pods-GBPeerJsTests/Pods-GBPeerJsTests.release.xcconfig"; sourceTree = "<group>"; };
		09412B351DA2C7831D41485B /* Pods-GBPeerJs.release.xcconfig */ = {isa = PBXFileReference; includeInIndex = 1; lastKnownFileType = text.xcconfig; name = "Pods-GBPeerJs.release.xcconfig"; path = "Target Support Files/Pods-GBPeerJs/Pods-GBPeerJs.release.xcconfig"; sourceTree = "<group>"; };
		12C2E91F1D62E48C76012D03 /* Pods-GBPeerJs-GBPeerJsTests.debug.xcconfig */ = {isa = PBXFileReference; includeInIndex = 1; lastKnownFileType = text.xcconfig; name = "Pods-GBPeerJs-GBPeerJsTests.debug.xcconfig"; path = "Target Support Files/Pods-GBPeerJs-GBPeerJsTests/Pods-GBPeerJs-GBPeerJsTests.debug.xcconfig"; sourceTree = "<group>"; };
		147FA6809C4954FF37377822 /* Pods-GBPeerJs.debug.xcconfig */ = {isa = PBXFileReference; includeInIndex = 1; lastKnownFileType = text.xcconfig; name = "Pods-GBPeerJs.debug.xcconfig"; path = "Target Support Files/Pods-GBPeerJs/Pods-GBPeerJs.debug.xcconfig"; sourceTree = "<group>"; };
		3412C19EE79C2A33D01FB623 /* Pods-GBPeerJsTests.debug.xcconfig */ = {isa = PBXFileReference; includeInIndex = 1; lastKnownFileType = text.xcconfig; name = "Pods-GBPeerJsTests.debug.xcconfig"; path = "Target Support Files/Pods-GBPeerJsTests/Pods-GBPeerJsTests.debug.xcconfig"; sourceTree = "<group>"; };
		3F132D23E0D92A9E7C37C9BE /* Pods_GBPeerJs.framework */ = {isa = PBXFileReference; explicitFileType = wrapper.framework; includeInIndex = 0; path = Pods_GBPeerJs.framework; sourceTree = BUILT_PRODUCTS_DIR; };
		5545F781B442D5BFF3370D20 /* Pods-GBPeerJs-GBPeerJsTests.release.xcconfig */ = {isa = PBXFileReference; includeInIndex = 1; lastKnownFileType = text.xcconfig; name = "Pods-GBPeerJs-GBPeerJsTests.release.xcconfig"; path = "Target Support Files/Pods-GBPeerJs-GBPeerJsTests/Pods-GBPeerJs-GBPeerJsTests.release.xcconfig"; sourceTree = "<group>"; };
		593ED2472935CFA9007BC45A /* GBPeerJs.framework */ = {isa = PBXFileReference; explicitFileType = wrapper.framework; includeInIndex = 0; path = GBPeerJs.framework; sourceTree = BUILT_PRODUCTS_DIR; };
		593ED24A2935CFA9007BC45A /* GBPeerJs.h */ = {isa = PBXFileReference; lastKnownFileType = sourcecode.c.h; path = GBPeerJs.h; sourceTree = "<group>"; };
		593ED24B2935CFA9007BC45A /* GBPeerJs.docc */ = {isa = PBXFileReference; lastKnownFileType = folder.documentationcatalog; path = GBPeerJs.docc; sourceTree = "<group>"; };
		593ED2512935CFA9007BC45A /* GBPeerJsTests.xctest */ = {isa = PBXFileReference; explicitFileType = wrapper.cfbundle; includeInIndex = 0; path = GBPeerJsTests.xctest; sourceTree = BUILT_PRODUCTS_DIR; };
		593ED2562935CFA9007BC45A /* GBPeerJsTests.swift */ = {isa = PBXFileReference; lastKnownFileType = sourcecode.swift; path = GBPeerJsTests.swift; sourceTree = "<group>"; };
		59403FD12947695000426541 /* Script */ = {isa = PBXFileReference; lastKnownFileType = folder; path = Script; sourceTree = "<group>"; };
		59D1458E2936F74000339673 /* en */ = {isa = PBXFileReference; lastKnownFileType = text.plist.strings; name = en; path = en.lproj/Localizable.strings; sourceTree = "<group>"; };
		59D145902936F77900339673 /* id */ = {isa = PBXFileReference; lastKnownFileType = text.plist.strings; name = id; path = id.lproj/Localizable.strings; sourceTree = "<group>"; };
		59D145912936F79A00339673 /* vi */ = {isa = PBXFileReference; lastKnownFileType = text.plist.strings; name = vi; path = vi.lproj/Localizable.strings; sourceTree = "<group>"; };
		59D145922936F81B00339673 /* zh-Hans */ = {isa = PBXFileReference; lastKnownFileType = text.plist.strings; name = "zh-Hans"; path = "zh-Hans.lproj/Localizable.strings"; sourceTree = "<group>"; };
		65B8C0261BA46635AB51D3DD /* IConnection.swift */ = {isa = PBXFileReference; fileEncoding = 4; lastKnownFileType = sourcecode.swift; path = IConnection.swift; sourceTree = "<group>"; };
		65B8C1A75CF0456C61D837F3 /* Util.swift */ = {isa = PBXFileReference; fileEncoding = 4; lastKnownFileType = sourcecode.swift; path = Util.swift; sourceTree = "<group>"; };
		65B8C1D4E3595F93BE5A7A98 /* ISocket.swift */ = {isa = PBXFileReference; fileEncoding = 4; lastKnownFileType = sourcecode.swift; path = ISocket.swift; sourceTree = "<group>"; };
		65B8C2A29B85B3906E4987A8 /* PeerJsCandidateRequestEntity.swift */ = {isa = PBXFileReference; fileEncoding = 4; lastKnownFileType = sourcecode.swift; path = PeerJsCandidateRequestEntity.swift; sourceTree = "<group>"; };
		65B8C4FFE0F6E4740E9CE2F9 /* GBPeerJsError.swift */ = {isa = PBXFileReference; fileEncoding = 4; lastKnownFileType = sourcecode.swift; path = GBPeerJsError.swift; sourceTree = "<group>"; };
		65B8C5A7117260530071C134 /* PeerJsOfferRequestEntity.swift */ = {isa = PBXFileReference; fileEncoding = 4; lastKnownFileType = sourcecode.swift; path = PeerJsOfferRequestEntity.swift; sourceTree = "<group>"; };
		65B8C5AC2460D04AD49B9EBB /* Negotiator.swift */ = {isa = PBXFileReference; fileEncoding = 4; lastKnownFileType = sourcecode.swift; path = Negotiator.swift; sourceTree = "<group>"; };
		65B8C7067709C9F84D0E282D /* GBPeerMediaConnection.swift */ = {isa = PBXFileReference; fileEncoding = 4; lastKnownFileType = sourcecode.swift; path = GBPeerMediaConnection.swift; sourceTree = "<group>"; };
		65B8C771F1BA6213FBA9B582 /* GBPeer+Param.swift */ = {isa = PBXFileReference; fileEncoding = 4; lastKnownFileType = sourcecode.swift; path = "GBPeer+Param.swift"; sourceTree = "<group>"; };
		65B8C7AEA53C90F75A44569E /* IPeer.swift */ = {isa = PBXFileReference; fileEncoding = 4; lastKnownFileType = sourcecode.swift; path = IPeer.swift; sourceTree = "<group>"; };
		65B8C90EA44AD0AD22ED5BD2 /* GBPeerMedia.swift */ = {isa = PBXFileReference; fileEncoding = 4; lastKnownFileType = sourcecode.swift; path = GBPeerMedia.swift; sourceTree = "<group>"; };
		65B8CB1F6574536DBFB8EA36 /* ConnectionType.swift */ = {isa = PBXFileReference; fileEncoding = 4; lastKnownFileType = sourcecode.swift; path = ConnectionType.swift; sourceTree = "<group>"; };
		65B8CCE3681B0DEBC9F084B3 /* Socket.swift */ = {isa = PBXFileReference; fileEncoding = 4; lastKnownFileType = sourcecode.swift; path = Socket.swift; sourceTree = "<group>"; };
		65B8CCF436BFA68301C842E8 /* GBPeerJs.swift */ = {isa = PBXFileReference; fileEncoding = 4; lastKnownFileType = sourcecode.swift; path = GBPeerJs.swift; sourceTree = "<group>"; };
		65B8CDCBF1B44F6472F40D42 /* INegotiator.swift */ = {isa = PBXFileReference; fileEncoding = 4; lastKnownFileType = sourcecode.swift; path = INegotiator.swift; sourceTree = "<group>"; };
		65B8CF08D9E0ECA33AC699D5 /* ServerMessageType.swift */ = {isa = PBXFileReference; fileEncoding = 4; lastKnownFileType = sourcecode.swift; path = ServerMessageType.swift; sourceTree = "<group>"; };
		65B8CF51783AC6F14E740DDE /* Logger.swift */ = {isa = PBXFileReference; fileEncoding = 4; lastKnownFileType = sourcecode.swift; path = Logger.swift; sourceTree = "<group>"; };
		65B8CF62DF40564AD6CDA643 /* GBPeerConnection.swift */ = {isa = PBXFileReference; fileEncoding = 4; lastKnownFileType = sourcecode.swift; path = GBPeerConnection.swift; sourceTree = "<group>"; };
		65B8CFC5F5F0FA2F631F95E7 /* GBPeer.swift */ = {isa = PBXFileReference; fileEncoding = 4; lastKnownFileType = sourcecode.swift; path = GBPeer.swift; sourceTree = "<group>"; };
		DE4E1BA5014F9E69E009EF21 /* Pods_GBPeerJs_GBPeerJsTests.framework */ = {isa = PBXFileReference; explicitFileType = wrapper.framework; includeInIndex = 0; path = Pods_GBPeerJs_GBPeerJsTests.framework; sourceTree = BUILT_PRODUCTS_DIR; };
/* End PBXFileReference section */

/* Begin PBXFrameworksBuildPhase section */
		593ED2442935CFA9007BC45A /* Frameworks */ = {
			isa = PBXFrameworksBuildPhase;
			buildActionMask = 2147483647;
			files = (
				DAE3C726BE474CB1552C4672 /* Pods_GBPeerJs.framework in Frameworks */,
			);
			runOnlyForDeploymentPostprocessing = 0;
		};
		593ED24E2935CFA9007BC45A /* Frameworks */ = {
			isa = PBXFrameworksBuildPhase;
			buildActionMask = 2147483647;
			files = (
				593ED2522935CFA9007BC45A /* GBPeerJs.framework in Frameworks */,
				CB2B5B0101786F1C947E98F5 /* Pods_GBPeerJs_GBPeerJsTests.framework in Frameworks */,
			);
			runOnlyForDeploymentPostprocessing = 0;
		};
/* End PBXFrameworksBuildPhase section */

/* Begin PBXGroup section */
		593ED23D2935CFA9007BC45A = {
			isa = PBXGroup;
			children = (
				59403FD12947695000426541 /* Script */,
				593ED2492935CFA9007BC45A /* GBPeerJs */,
				593ED2552935CFA9007BC45A /* GBPeerJsTests */,
				593ED2482935CFA9007BC45A /* Products */,
				653F7E887296796C8D9C1E5A /* Pods */,
				878E0B7A7ACFFF4724765B96 /* Frameworks */,
			);
			sourceTree = "<group>";
		};
		593ED2482935CFA9007BC45A /* Products */ = {
			isa = PBXGroup;
			children = (
				593ED2472935CFA9007BC45A /* GBPeerJs.framework */,
				593ED2512935CFA9007BC45A /* GBPeerJsTests.xctest */,
			);
			name = Products;
			sourceTree = "<group>";
		};
		593ED2492935CFA9007BC45A /* GBPeerJs */ = {
			isa = PBXGroup;
			children = (
				593ED24A2935CFA9007BC45A /* GBPeerJs.h */,
				593ED24B2935CFA9007BC45A /* GBPeerJs.docc */,
				65B8CCF436BFA68301C842E8 /* GBPeerJs.swift */,
				59D145852936F0B700339673 /* i18n */,
				65B8C3C01777C617B2870414 /* Presentation */,
				65B8C0DCB8618F6F42D835FC /* Common */,
			);
			path = GBPeerJs;
			sourceTree = "<group>";
		};
		593ED2552935CFA9007BC45A /* GBPeerJsTests */ = {
			isa = PBXGroup;
			children = (
				593ED2562935CFA9007BC45A /* GBPeerJsTests.swift */,
			);
			path = GBPeerJsTests;
			sourceTree = "<group>";
		};
		59D145852936F0B700339673 /* i18n */ = {
			isa = PBXGroup;
			children = (
				59D1458F2936F74000339673 /* Localizable.strings */,
			);
			path = i18n;
			sourceTree = "<group>";
		};
		653F7E887296796C8D9C1E5A /* Pods */ = {
			isa = PBXGroup;
			children = (
				147FA6809C4954FF37377822 /* Pods-GBPeerJs.debug.xcconfig */,
				09412B351DA2C7831D41485B /* Pods-GBPeerJs.release.xcconfig */,
				12C2E91F1D62E48C76012D03 /* Pods-GBPeerJs-GBPeerJsTests.debug.xcconfig */,
				5545F781B442D5BFF3370D20 /* Pods-GBPeerJs-GBPeerJsTests.release.xcconfig */,
				3412C19EE79C2A33D01FB623 /* Pods-GBPeerJsTests.debug.xcconfig */,
				07E60423242738625B08B5F7 /* Pods-GBPeerJsTests.release.xcconfig */,
			);
			name = Pods;
			path = ../../Pods;
			sourceTree = "<group>";
		};
		65B8C0DCB8618F6F42D835FC /* Common */ = {
			isa = PBXGroup;
			children = (
				65B8C95227567148E1580F32 /* Error */,
			);
			path = Common;
			sourceTree = "<group>";
		};
		65B8C1267B6849C669FA576D /* Interface */ = {
			isa = PBXGroup;
			children = (
				65B8CDCBF1B44F6472F40D42 /* INegotiator.swift */,
				65B8C0261BA46635AB51D3DD /* IConnection.swift */,
				65B8C1D4E3595F93BE5A7A98 /* ISocket.swift */,
				65B8C7AEA53C90F75A44569E /* IPeer.swift */,
				65B8CF62DF40564AD6CDA643 /* GBPeerConnection.swift */,
			);
			path = Interface;
			sourceTree = "<group>";
		};
		65B8C3C01777C617B2870414 /* Presentation */ = {
			isa = PBXGroup;
			children = (
				65B8C833FEFD346E26F50DD6 /* Entity */,
				65B8CB69DA6793F9C9B2D73D /* Util */,
				65B8C1267B6849C669FA576D /* Interface */,
				65B8CE5F844B0B29849F0A23 /* Implementation */,
			);
			path = Presentation;
			sourceTree = "<group>";
		};
		65B8C833FEFD346E26F50DD6 /* Entity */ = {
			isa = PBXGroup;
			children = (
				65B8C2A29B85B3906E4987A8 /* PeerJsCandidateRequestEntity.swift */,
				65B8C5A7117260530071C134 /* PeerJsOfferRequestEntity.swift */,
			);
			path = Entity;
			sourceTree = "<group>";
		};
		65B8C95227567148E1580F32 /* Error */ = {
			isa = PBXGroup;
			children = (
				65B8C4FFE0F6E4740E9CE2F9 /* GBPeerJsError.swift */,
			);
			path = Error;
			sourceTree = "<group>";
		};
		65B8CB69DA6793F9C9B2D73D /* Util */ = {
			isa = PBXGroup;
			children = (
				65B8CB1F6574536DBFB8EA36 /* ConnectionType.swift */,
				65B8C90EA44AD0AD22ED5BD2 /* GBPeerMedia.swift */,
				65B8CF08D9E0ECA33AC699D5 /* ServerMessageType.swift */,
				65B8C1A75CF0456C61D837F3 /* Util.swift */,
			);
			path = Util;
			sourceTree = "<group>";
		};
		65B8CE5F844B0B29849F0A23 /* Implementation */ = {
			isa = PBXGroup;
			children = (
				65B8CF51783AC6F14E740DDE /* Logger.swift */,
				65B8C5AC2460D04AD49B9EBB /* Negotiator.swift */,
				65B8C7067709C9F84D0E282D /* GBPeerMediaConnection.swift */,
				65B8CCE3681B0DEBC9F084B3 /* Socket.swift */,
				65B8CFC5F5F0FA2F631F95E7 /* GBPeer.swift */,
				65B8C771F1BA6213FBA9B582 /* GBPeer+Param.swift */,
			);
			path = Implementation;
			sourceTree = "<group>";
		};
		878E0B7A7ACFFF4724765B96 /* Frameworks */ = {
			isa = PBXGroup;
			children = (
				3F132D23E0D92A9E7C37C9BE /* Pods_GBPeerJs.framework */,
				DE4E1BA5014F9E69E009EF21 /* Pods_GBPeerJs_GBPeerJsTests.framework */,
			);
			name = Frameworks;
			sourceTree = "<group>";
		};
/* End PBXGroup section */

/* Begin PBXHeadersBuildPhase section */
		593ED2422935CFA9007BC45A /* Headers */ = {
			isa = PBXHeadersBuildPhase;
			buildActionMask = 2147483647;
			files = (
				593ED2582935CFA9007BC45A /* GBPeerJs.h in Headers */,
			);
			runOnlyForDeploymentPostprocessing = 0;
		};
/* End PBXHeadersBuildPhase section */

/* Begin PBXNativeTarget section */
		593ED2462935CFA9007BC45A /* GBPeerJs */ = {
			isa = PBXNativeTarget;
			buildConfigurationList = 593ED25B2935CFA9007BC45A /* Build configuration list for PBXNativeTarget "GBPeerJs" */;
			buildPhases = (
				7146F1F2F0666BC3DCD81A7A /* [CP] Check Pods Manifest.lock */,
				593ED2422935CFA9007BC45A /* Headers */,
				593ED2432935CFA9007BC45A /* Sources */,
				5901DC5929370CAE00FF0A94 /* Linting */,
				593ED2442935CFA9007BC45A /* Frameworks */,
				593ED2452935CFA9007BC45A /* Resources */,
			);
			buildRules = (
			);
			dependencies = (
			);
			name = GBPeerJs;
			productName = GBPeerJs;
			productReference = 593ED2472935CFA9007BC45A /* GBPeerJs.framework */;
			productType = "com.apple.product-type.framework";
		};
		593ED2502935CFA9007BC45A /* GBPeerJsTests */ = {
			isa = PBXNativeTarget;
			buildConfigurationList = 593ED25E2935CFA9007BC45A /* Build configuration list for PBXNativeTarget "GBPeerJsTests" */;
			buildPhases = (
				A29B66BBF0E1292ECDBAEE1F /* [CP] Check Pods Manifest.lock */,
				593ED24D2935CFA9007BC45A /* Sources */,
				5901DC5A29370CD200FF0A94 /* Linting */,
				593ED24E2935CFA9007BC45A /* Frameworks */,
				593ED24F2935CFA9007BC45A /* Resources */,
				FA3A47A536C73BEB5E813C70 /* [CP] Embed Pods Frameworks */,
			);
			buildRules = (
			);
			dependencies = (
				593ED2542935CFA9007BC45A /* PBXTargetDependency */,
			);
			name = GBPeerJsTests;
			productName = GBPeerJsTests;
			productReference = 593ED2512935CFA9007BC45A /* GBPeerJsTests.xctest */;
			productType = "com.apple.product-type.bundle.unit-test";
		};
/* End PBXNativeTarget section */

/* Begin PBXProject section */
		593ED23E2935CFA9007BC45A /* Project object */ = {
			isa = PBXProject;
			attributes = {
				BuildIndependentTargetsInParallel = 1;
				LastSwiftUpdateCheck = 1410;
				LastUpgradeCheck = 1510;
				TargetAttributes = {
					593ED2462935CFA9007BC45A = {
						CreatedOnToolsVersion = 14.1;
					};
					593ED2502935CFA9007BC45A = {
						CreatedOnToolsVersion = 14.1;
					};
				};
			};
			buildConfigurationList = 593ED2412935CFA9007BC45A /* Build configuration list for PBXProject "GBPeerJs" */;
			compatibilityVersion = "Xcode 14.0";
			developmentRegion = en;
			hasScannedForEncodings = 0;
			knownRegions = (
				en,
				Base,
				id,
				vi,
				"zh-Hans",
			);
			mainGroup = 593ED23D2935CFA9007BC45A;
			productRefGroup = 593ED2482935CFA9007BC45A /* Products */;
			projectDirPath = "";
			projectRoot = "";
			targets = (
				593ED2462935CFA9007BC45A /* GBPeerJs */,
				593ED2502935CFA9007BC45A /* GBPeerJsTests */,
			);
		};
/* End PBXProject section */

/* Begin PBXResourcesBuildPhase section */
		593ED2452935CFA9007BC45A /* Resources */ = {
			isa = PBXResourcesBuildPhase;
			buildActionMask = 2147483647;
			files = (
				59D1458D2936F74000339673 /* Localizable.strings in Resources */,
			);
			runOnlyForDeploymentPostprocessing = 0;
		};
		593ED24F2935CFA9007BC45A /* Resources */ = {
			isa = PBXResourcesBuildPhase;
			buildActionMask = 2147483647;
			files = (
			);
			runOnlyForDeploymentPostprocessing = 0;
		};
/* End PBXResourcesBuildPhase section */

/* Begin PBXShellScriptBuildPhase section */
		5901DC5929370CAE00FF0A94 /* Linting */ = {
			isa = PBXShellScriptBuildPhase;
			alwaysOutOfDate = 1;
			buildActionMask = 2147483647;
			files = (
			);
			inputFileListPaths = (
			);
			inputPaths = (
				"$(PODS_PODFILE_DIR_PATH)/Sources/GBPeerJs/GBPeerJs",
			);
			name = Linting;
			outputFileListPaths = (
			);
			outputPaths = (
			);
			runOnlyForDeploymentPostprocessing = 0;
			shellPath = /bin/sh;
			shellScript = "\"${PODS_ROOT}/SwiftLint/swiftlint\" lint --config \"${PODS_PODFILE_DIR_PATH}/.swiftlint.yml\" --strict\n";
		};
		5901DC5A29370CD200FF0A94 /* Linting */ = {
			isa = PBXShellScriptBuildPhase;
			alwaysOutOfDate = 1;
			buildActionMask = 2147483647;
			files = (
			);
			inputFileListPaths = (
			);
			inputPaths = (
				"$(PODS_PODFILE_DIR_PATH)/Sources/GBPeerJs/GBPeerJsTests",
			);
			name = Linting;
			outputFileListPaths = (
			);
			outputPaths = (
			);
			runOnlyForDeploymentPostprocessing = 0;
			shellPath = /bin/sh;
			shellScript = "\"${PODS_ROOT}/SwiftLint/swiftlint\" lint --config \"${PODS_PODFILE_DIR_PATH}/.swiftlint_test.yml\" --strict\n";
		};
		7146F1F2F0666BC3DCD81A7A /* [CP] Check Pods Manifest.lock */ = {
			isa = PBXShellScriptBuildPhase;
			buildActionMask = 2147483647;
			files = (
			);
			inputFileListPaths = (
			);
			inputPaths = (
				"${PODS_PODFILE_DIR_PATH}/Podfile.lock",
				"${PODS_ROOT}/Manifest.lock",
			);
			name = "[CP] Check Pods Manifest.lock";
			outputFileListPaths = (
			);
			outputPaths = (
				"$(DERIVED_FILE_DIR)/Pods-GBPeerJs-checkManifestLockResult.txt",
			);
			runOnlyForDeploymentPostprocessing = 0;
			shellPath = /bin/sh;
			shellScript = "diff \"${PODS_PODFILE_DIR_PATH}/Podfile.lock\" \"${PODS_ROOT}/Manifest.lock\" > /dev/null\nif [ $? != 0 ] ; then\n    # print error to STDERR\n    echo \"error: The sandbox is not in sync with the Podfile.lock. Run 'pod install' or update your CocoaPods installation.\" >&2\n    exit 1\nfi\n# This output is used by Xcode 'outputs' to avoid re-running this script phase.\necho \"SUCCESS\" > \"${SCRIPT_OUTPUT_FILE_0}\"\n";
			showEnvVarsInLog = 0;
		};
		A29B66BBF0E1292ECDBAEE1F /* [CP] Check Pods Manifest.lock */ = {
			isa = PBXShellScriptBuildPhase;
			buildActionMask = 2147483647;
			files = (
			);
			inputFileListPaths = (
			);
			inputPaths = (
				"${PODS_PODFILE_DIR_PATH}/Podfile.lock",
				"${PODS_ROOT}/Manifest.lock",
			);
			name = "[CP] Check Pods Manifest.lock";
			outputFileListPaths = (
			);
			outputPaths = (
				"$(DERIVED_FILE_DIR)/Pods-GBPeerJs-GBPeerJsTests-checkManifestLockResult.txt",
			);
			runOnlyForDeploymentPostprocessing = 0;
			shellPath = /bin/sh;
			shellScript = "diff \"${PODS_PODFILE_DIR_PATH}/Podfile.lock\" \"${PODS_ROOT}/Manifest.lock\" > /dev/null\nif [ $? != 0 ] ; then\n    # print error to STDERR\n    echo \"error: The sandbox is not in sync with the Podfile.lock. Run 'pod install' or update your CocoaPods installation.\" >&2\n    exit 1\nfi\n# This output is used by Xcode 'outputs' to avoid re-running this script phase.\necho \"SUCCESS\" > \"${SCRIPT_OUTPUT_FILE_0}\"\n";
			showEnvVarsInLog = 0;
		};
		FA3A47A536C73BEB5E813C70 /* [CP] Embed Pods Frameworks */ = {
			isa = PBXShellScriptBuildPhase;
			buildActionMask = 2147483647;
			files = (
			);
			inputFileListPaths = (
				"${PODS_ROOT}/Target Support Files/Pods-GBPeerJs-GBPeerJsTests/Pods-GBPeerJs-GBPeerJsTests-frameworks-${CONFIGURATION}-input-files.xcfilelist",
			);
			name = "[CP] Embed Pods Frameworks";
			outputFileListPaths = (
				"${PODS_ROOT}/Target Support Files/Pods-GBPeerJs-GBPeerJsTests/Pods-GBPeerJs-GBPeerJsTests-frameworks-${CONFIGURATION}-output-files.xcfilelist",
			);
			runOnlyForDeploymentPostprocessing = 0;
			shellPath = /bin/sh;
			shellScript = "\"${PODS_ROOT}/Target Support Files/Pods-GBPeerJs-GBPeerJsTests/Pods-GBPeerJs-GBPeerJsTests-frameworks.sh\"\n";
			showEnvVarsInLog = 0;
		};
/* End PBXShellScriptBuildPhase section */

/* Begin PBXSourcesBuildPhase section */
		593ED2432935CFA9007BC45A /* Sources */ = {
			isa = PBXSourcesBuildPhase;
			buildActionMask = 2147483647;
			files = (
				593ED24C2935CFA9007BC45A /* GBPeerJs.docc in Sources */,
				65B8CB4C5DBA6103913DF02C /* GBPeerJs.swift in Sources */,
				65B8CB7F602DDC885BCF14C3 /* PeerJsCandidateRequestEntity.swift in Sources */,
				65B8C093AA83EF3EF7335BA9 /* PeerJsOfferRequestEntity.swift in Sources */,
				65B8C052466638CD0BC35EF4 /* ConnectionType.swift in Sources */,
				65B8C8D2E622D1E1D26C0E16 /* GBPeerMedia.swift in Sources */,
				65B8CCDACD8BD5BE529B0FDA /* ServerMessageType.swift in Sources */,
				65B8CCA1C761325326F8FF53 /* Util.swift in Sources */,
				65B8CC10900AEB418986BD44 /* GBPeerJsError.swift in Sources */,
				65B8C47ABAB76D2614132C8A /* INegotiator.swift in Sources */,
				65B8C77C3A00C25BB46A1F18 /* IConnection.swift in Sources */,
				65B8CB3074C34C26BF94A81C /* ISocket.swift in Sources */,
				65B8C66F5298215B6D14DBA8 /* IPeer.swift in Sources */,
				65B8C0204542A2801106BA47 /* GBPeerConnection.swift in Sources */,
				65B8C071DD87580BCFF2F6AE /* Logger.swift in Sources */,
				65B8C8C96435E8AEC51BD80E /* Negotiator.swift in Sources */,
				65B8C8571E30B759EF587E0A /* GBPeerMediaConnection.swift in Sources */,
				65B8CFD9EA5CB39DD1BBE378 /* Socket.swift in Sources */,
				65B8C0E2BF683F4D019177A5 /* GBPeer.swift in Sources */,
				65B8CAFE4A1855FE01AC55B5 /* GBPeer+Param.swift in Sources */,
			);
			runOnlyForDeploymentPostprocessing = 0;
		};
		593ED24D2935CFA9007BC45A /* Sources */ = {
			isa = PBXSourcesBuildPhase;
			buildActionMask = 2147483647;
			files = (
				593ED2572935CFA9007BC45A /* GBPeerJsTests.swift in Sources */,
			);
			runOnlyForDeploymentPostprocessing = 0;
		};
/* End PBXSourcesBuildPhase section */

/* Begin PBXTargetDependency section */
		593ED2542935CFA9007BC45A /* PBXTargetDependency */ = {
			isa = PBXTargetDependency;
			target = 593ED2462935CFA9007BC45A /* GBPeerJs */;
			targetProxy = 593ED2532935CFA9007BC45A /* PBXContainerItemProxy */;
		};
/* End PBXTargetDependency section */

/* Begin PBXVariantGroup section */
		59D1458F2936F74000339673 /* Localizable.strings */ = {
			isa = PBXVariantGroup;
			children = (
				59D1458E2936F74000339673 /* en */,
				59D145902936F77900339673 /* id */,
				59D145912936F79A00339673 /* vi */,
				59D145922936F81B00339673 /* zh-Hans */,
			);
			name = Localizable.strings;
			sourceTree = "<group>";
		};
/* End PBXVariantGroup section */

/* Begin XCBuildConfiguration section */
		593ED2592935CFA9007BC45A /* Debug */ = {
			isa = XCBuildConfiguration;
			buildSettings = {
				ALWAYS_SEARCH_USER_PATHS = NO;
				CLANG_ANALYZER_LOCALIZABILITY_NONLOCALIZED = YES;
				CLANG_ANALYZER_NONNULL = YES;
				CLANG_ANALYZER_NUMBER_OBJECT_CONVERSION = YES_AGGRESSIVE;
				CLANG_CXX_LANGUAGE_STANDARD = "gnu++20";
				CLANG_ENABLE_MODULES = YES;
				CLANG_ENABLE_OBJC_ARC = YES;
				CLANG_ENABLE_OBJC_WEAK = YES;
				CLANG_WARN_BLOCK_CAPTURE_AUTORELEASING = YES;
				CLANG_WARN_BOOL_CONVERSION = YES;
				CLANG_WARN_COMMA = YES;
				CLANG_WARN_CONSTANT_CONVERSION = YES;
				CLANG_WARN_DEPRECATED_OBJC_IMPLEMENTATIONS = YES;
				CLANG_WARN_DIRECT_OBJC_ISA_USAGE = YES_ERROR;
				CLANG_WARN_DOCUMENTATION_COMMENTS = YES;
				CLANG_WARN_EMPTY_BODY = YES;
				CLANG_WARN_ENUM_CONVERSION = YES;
				CLANG_WARN_INFINITE_RECURSION = YES;
				CLANG_WARN_INT_CONVERSION = YES;
				CLANG_WARN_NON_LITERAL_NULL_CONVERSION = YES;
				CLANG_WARN_OBJC_IMPLICIT_RETAIN_SELF = YES;
				CLANG_WARN_OBJC_LITERAL_CONVERSION = YES;
				CLANG_WARN_OBJC_ROOT_CLASS = YES_ERROR;
				CLANG_WARN_QUOTED_INCLUDE_IN_FRAMEWORK_HEADER = YES;
				CLANG_WARN_RANGE_LOOP_ANALYSIS = YES;
				CLANG_WARN_STRICT_PROTOTYPES = YES;
				CLANG_WARN_SUSPICIOUS_MOVE = YES;
				CLANG_WARN_UNGUARDED_AVAILABILITY = YES_AGGRESSIVE;
				CLANG_WARN_UNREACHABLE_CODE = YES;
				CLANG_WARN__DUPLICATE_METHOD_MATCH = YES;
				COPY_PHASE_STRIP = NO;
				CURRENT_PROJECT_VERSION = 1;
				DEBUG_INFORMATION_FORMAT = dwarf;
				ENABLE_STRICT_OBJC_MSGSEND = YES;
				ENABLE_TESTABILITY = YES;
				ENABLE_USER_SCRIPT_SANDBOXING = YES;
				GCC_C_LANGUAGE_STANDARD = gnu11;
				GCC_DYNAMIC_NO_PIC = NO;
				GCC_NO_COMMON_BLOCKS = YES;
				GCC_OPTIMIZATION_LEVEL = 0;
				GCC_PREPROCESSOR_DEFINITIONS = (
					"DEBUG=1",
					"$(inherited)",
				);
				GCC_WARN_64_TO_32_BIT_CONVERSION = YES;
				GCC_WARN_ABOUT_RETURN_TYPE = YES_ERROR;
				GCC_WARN_UNDECLARED_SELECTOR = YES;
				GCC_WARN_UNINITIALIZED_AUTOS = YES_AGGRESSIVE;
				GCC_WARN_UNUSED_FUNCTION = YES;
				GCC_WARN_UNUSED_VARIABLE = YES;
				IPHONEOS_DEPLOYMENT_TARGET = 13.0;
				MTL_ENABLE_DEBUG_INFO = INCLUDE_SOURCE;
				MTL_FAST_MATH = YES;
				ONLY_ACTIVE_ARCH = YES;
				SDKROOT = iphoneos;
				SWIFT_ACTIVE_COMPILATION_CONDITIONS = DEBUG;
				SWIFT_OPTIMIZATION_LEVEL = "-Onone";
				VERSIONING_SYSTEM = "apple-generic";
				VERSION_INFO_PREFIX = "";
			};
			name = Debug;
		};
		593ED25A2935CFA9007BC45A /* Release */ = {
			isa = XCBuildConfiguration;
			buildSettings = {
				ALWAYS_SEARCH_USER_PATHS = NO;
				CLANG_ANALYZER_LOCALIZABILITY_NONLOCALIZED = YES;
				CLANG_ANALYZER_NONNULL = YES;
				CLANG_ANALYZER_NUMBER_OBJECT_CONVERSION = YES_AGGRESSIVE;
				CLANG_CXX_LANGUAGE_STANDARD = "gnu++20";
				CLANG_ENABLE_MODULES = YES;
				CLANG_ENABLE_OBJC_ARC = YES;
				CLANG_ENABLE_OBJC_WEAK = YES;
				CLANG_WARN_BLOCK_CAPTURE_AUTORELEASING = YES;
				CLANG_WARN_BOOL_CONVERSION = YES;
				CLANG_WARN_COMMA = YES;
				CLANG_WARN_CONSTANT_CONVERSION = YES;
				CLANG_WARN_DEPRECATED_OBJC_IMPLEMENTATIONS = YES;
				CLANG_WARN_DIRECT_OBJC_ISA_USAGE = YES_ERROR;
				CLANG_WARN_DOCUMENTATION_COMMENTS = YES;
				CLANG_WARN_EMPTY_BODY = YES;
				CLANG_WARN_ENUM_CONVERSION = YES;
				CLANG_WARN_INFINITE_RECURSION = YES;
				CLANG_WARN_INT_CONVERSION = YES;
				CLANG_WARN_NON_LITERAL_NULL_CONVERSION = YES;
				CLANG_WARN_OBJC_IMPLICIT_RETAIN_SELF = YES;
				CLANG_WARN_OBJC_LITERAL_CONVERSION = YES;
				CLANG_WARN_OBJC_ROOT_CLASS = YES_ERROR;
				CLANG_WARN_QUOTED_INCLUDE_IN_FRAMEWORK_HEADER = YES;
				CLANG_WARN_RANGE_LOOP_ANALYSIS = YES;
				CLANG_WARN_STRICT_PROTOTYPES = YES;
				CLANG_WARN_SUSPICIOUS_MOVE = YES;
				CLANG_WARN_UNGUARDED_AVAILABILITY = YES_AGGRESSIVE;
				CLANG_WARN_UNREACHABLE_CODE = YES;
				CLANG_WARN__DUPLICATE_METHOD_MATCH = YES;
				COPY_PHASE_STRIP = NO;
				CURRENT_PROJECT_VERSION = 1;
				DEBUG_INFORMATION_FORMAT = "dwarf-with-dsym";
				ENABLE_NS_ASSERTIONS = NO;
				ENABLE_STRICT_OBJC_MSGSEND = YES;
				ENABLE_USER_SCRIPT_SANDBOXING = YES;
				GCC_C_LANGUAGE_STANDARD = gnu11;
				GCC_NO_COMMON_BLOCKS = YES;
				GCC_WARN_64_TO_32_BIT_CONVERSION = YES;
				GCC_WARN_ABOUT_RETURN_TYPE = YES_ERROR;
				GCC_WARN_UNDECLARED_SELECTOR = YES;
				GCC_WARN_UNINITIALIZED_AUTOS = YES_AGGRESSIVE;
				GCC_WARN_UNUSED_FUNCTION = YES;
				GCC_WARN_UNUSED_VARIABLE = YES;
				IPHONEOS_DEPLOYMENT_TARGET = 13.0;
				MTL_ENABLE_DEBUG_INFO = NO;
				MTL_FAST_MATH = YES;
				SDKROOT = iphoneos;
				SWIFT_COMPILATION_MODE = wholemodule;
				SWIFT_OPTIMIZATION_LEVEL = "-O";
				VALIDATE_PRODUCT = YES;
				VERSIONING_SYSTEM = "apple-generic";
				VERSION_INFO_PREFIX = "";
			};
			name = Release;
		};
		593ED25C2935CFA9007BC45A /* Debug */ = {
			isa = XCBuildConfiguration;
			baseConfigurationReference = 147FA6809C4954FF37377822 /* Pods-GBPeerJs.debug.xcconfig */;
			buildSettings = {
				CODE_SIGN_IDENTITY = "";
				CODE_SIGN_STYLE = Automatic;
				CURRENT_PROJECT_VERSION = 1;
				DEFINES_MODULE = YES;
				DEVELOPMENT_TEAM = 68M5L3KNEH;
				DYLIB_COMPATIBILITY_VERSION = 1;
				DYLIB_CURRENT_VERSION = 1;
				DYLIB_INSTALL_NAME_BASE = "@rpath";
				ENABLE_MODULE_VERIFIER = YES;
				GENERATE_INFOPLIST_FILE = YES;
				INFOPLIST_KEY_NSHumanReadableCopyright = "";
				INSTALL_PATH = "$(LOCAL_LIBRARY_DIR)/Frameworks";
				IPHONEOS_DEPLOYMENT_TARGET = 13.0;
				LD_RUNPATH_SEARCH_PATHS = (
					"$(inherited)",
					"@executable_path/Frameworks",
					"@loader_path/Frameworks",
				);
				MARKETING_VERSION = 2.0.2;
				MODULE_VERIFIER_SUPPORTED_LANGUAGES = "objective-c objective-c++";
				MODULE_VERIFIER_SUPPORTED_LANGUAGE_STANDARDS = "gnu11 gnu++20";
				PRODUCT_BUNDLE_IDENTIFIER = com.geniebook.GBPeerJs;
				PRODUCT_NAME = "$(TARGET_NAME:c99extidentifier)";
				SKIP_INSTALL = YES;
				SUPPORTED_PLATFORMS = "iphoneos iphonesimulator";
				SUPPORTS_MACCATALYST = NO;
				SUPPORTS_MAC_DESIGNED_FOR_IPHONE_IPAD = NO;
				SWIFT_EMIT_LOC_STRINGS = YES;
				SWIFT_VERSION = 5.0;
				TARGETED_DEVICE_FAMILY = "1,2";
			};
			name = Debug;
		};
		593ED25D2935CFA9007BC45A /* Release */ = {
			isa = XCBuildConfiguration;
			baseConfigurationReference = 09412B351DA2C7831D41485B /* Pods-GBPeerJs.release.xcconfig */;
			buildSettings = {
				CODE_SIGN_IDENTITY = "";
				CODE_SIGN_STYLE = Automatic;
				CURRENT_PROJECT_VERSION = 1;
				DEFINES_MODULE = YES;
				DEVELOPMENT_TEAM = 68M5L3KNEH;
				DYLIB_COMPATIBILITY_VERSION = 1;
				DYLIB_CURRENT_VERSION = 1;
				DYLIB_INSTALL_NAME_BASE = "@rpath";
				ENABLE_MODULE_VERIFIER = YES;
				GENERATE_INFOPLIST_FILE = YES;
				INFOPLIST_KEY_NSHumanReadableCopyright = "";
				INSTALL_PATH = "$(LOCAL_LIBRARY_DIR)/Frameworks";
				IPHONEOS_DEPLOYMENT_TARGET = 13.0;
				LD_RUNPATH_SEARCH_PATHS = (
					"$(inherited)",
					"@executable_path/Frameworks",
					"@loader_path/Frameworks",
				);
				MARKETING_VERSION = 2.0.2;
				MODULE_VERIFIER_SUPPORTED_LANGUAGES = "objective-c objective-c++";
				MODULE_VERIFIER_SUPPORTED_LANGUAGE_STANDARDS = "gnu11 gnu++20";
				PRODUCT_BUNDLE_IDENTIFIER = com.geniebook.GBPeerJs;
				PRODUCT_NAME = "$(TARGET_NAME:c99extidentifier)";
				SKIP_INSTALL = YES;
				SUPPORTED_PLATFORMS = "iphoneos iphonesimulator";
				SUPPORTS_MACCATALYST = NO;
				SUPPORTS_MAC_DESIGNED_FOR_IPHONE_IPAD = NO;
				SWIFT_EMIT_LOC_STRINGS = YES;
				SWIFT_VERSION = 5.0;
				TARGETED_DEVICE_FAMILY = "1,2";
			};
			name = Release;
		};
		593ED25F2935CFA9007BC45A /* Debug */ = {
			isa = XCBuildConfiguration;
			baseConfigurationReference = 12C2E91F1D62E48C76012D03 /* Pods-GBPeerJs-GBPeerJsTests.debug.xcconfig */;
			buildSettings = {
				CODE_SIGN_STYLE = Automatic;
				CURRENT_PROJECT_VERSION = 1;
				DEVELOPMENT_TEAM = 68M5L3KNEH;
				GENERATE_INFOPLIST_FILE = YES;
				IPHONEOS_DEPLOYMENT_TARGET = 13.0;
				MARKETING_VERSION = 2.0.2;
				PRODUCT_BUNDLE_IDENTIFIER = com.geniebook.GBPeerJsTests;
				PRODUCT_NAME = "$(TARGET_NAME)";
				SUPPORTED_PLATFORMS = "iphoneos iphonesimulator";
				SUPPORTS_MACCATALYST = NO;
				SUPPORTS_MAC_DESIGNED_FOR_IPHONE_IPAD = NO;
				SWIFT_EMIT_LOC_STRINGS = NO;
				SWIFT_VERSION = 5.0;
				TARGETED_DEVICE_FAMILY = "1,2";
			};
			name = Debug;
		};
		593ED2602935CFA9007BC45A /* Release */ = {
			isa = XCBuildConfiguration;
			baseConfigurationReference = 5545F781B442D5BFF3370D20 /* Pods-GBPeerJs-GBPeerJsTests.release.xcconfig */;
			buildSettings = {
				CODE_SIGN_STYLE = Automatic;
				CURRENT_PROJECT_VERSION = 1;
				DEVELOPMENT_TEAM = 68M5L3KNEH;
				GENERATE_INFOPLIST_FILE = YES;
				IPHONEOS_DEPLOYMENT_TARGET = 13.0;
				MARKETING_VERSION = 2.0.2;
				PRODUCT_BUNDLE_IDENTIFIER = com.geniebook.GBPeerJsTests;
				PRODUCT_NAME = "$(TARGET_NAME)";
				SUPPORTED_PLATFORMS = "iphoneos iphonesimulator";
				SUPPORTS_MACCATALYST = NO;
				SUPPORTS_MAC_DESIGNED_FOR_IPHONE_IPAD = NO;
				SWIFT_EMIT_LOC_STRINGS = NO;
				SWIFT_VERSION = 5.0;
				TARGETED_DEVICE_FAMILY = "1,2";
			};
			name = Release;
		};
/* End XCBuildConfiguration section */

/* Begin XCConfigurationList section */
		593ED2412935CFA9007BC45A /* Build configuration list for PBXProject "GBPeerJs" */ = {
			isa = XCConfigurationList;
			buildConfigurations = (
				593ED2592935CFA9007BC45A /* Debug */,
				593ED25A2935CFA9007BC45A /* Release */,
			);
			defaultConfigurationIsVisible = 0;
			defaultConfigurationName = Release;
		};
		593ED25B2935CFA9007BC45A /* Build configuration list for PBXNativeTarget "GBPeerJs" */ = {
			isa = XCConfigurationList;
			buildConfigurations = (
				593ED25C2935CFA9007BC45A /* Debug */,
				593ED25D2935CFA9007BC45A /* Release */,
			);
			defaultConfigurationIsVisible = 0;
			defaultConfigurationName = Release;
		};
		593ED25E2935CFA9007BC45A /* Build configuration list for PBXNativeTarget "GBPeerJsTests" */ = {
			isa = XCConfigurationList;
			buildConfigurations = (
				593ED25F2935CFA9007BC45A /* Debug */,
				593ED2602935CFA9007BC45A /* Release */,
			);
			defaultConfigurationIsVisible = 0;
			defaultConfigurationName = Release;
		};
/* End XCConfigurationList section */
	};
	rootObject = 593ED23E2935CFA9007BC45A /* Project object */;
}
