PODS:
  - Cuckoo (1.10.3):
    - Cuckoo/Swift (= 1.10.3)
  - Cuckoo/Swift (1.10.3)
  - GBWebRTC (114.0.5735.124)
  - LanguageManager-iOS (1.2.6-beta.2)
  - LifetimeTracker (1.7.1)
  - Nimble (12.0.1)
  - Quick (6.1.0)
  - RxSwift (5.1.3)
  - Starscream (3.1.1)
  - SwiftLint (0.52.3)

DEPENDENCIES:
  - Cuckoo (~> 1.10)
  - GBWebRTC (= 114.0.5735.124)
  - LanguageManager-iOS (~> 1.2.6-beta.2)
  - LifetimeTracker (= 1.7.1)
  - Nimble (~> 12.0)
  - Quick (~> 6.1)
  - RxSwift (~> 5)
  - Starscream (~> 3)
  - SwiftLint (~> 0.51)

SPEC REPOS:
  https://bitbucket.org/beautyfu/ios-pod-specs.git:
    - GBWebRTC
    - LanguageManager-iOS
  trunk:
    - Cuckoo
    - LifetimeTracker
    - Nimble
    - Quick
    - RxSwift
    - Starscream
    - SwiftLint

SPEC CHECKSUMS:
  Cuckoo: 930598bd4ae95860c658b3eea30903d946ebef36
  GBWebRTC: 9a6c3809e5dabfeeee757a024761d725dfedc065
  LanguageManager-iOS: 5fac7a37b621cf2841d136ad6c46f21f15bb4de1
  LifetimeTracker: 12f58bfab48593408fb4cab9d9050e319deb8299
  Nimble: b279b3ca9e094508778aab5c76417be158d3ad04
  Quick: 6676ffb409bf04abba2ff23902af2407bfc6ac90
  RxSwift: 915abbdfb62214aa89ccd0b194d44fb478019b27
  Starscream: 4bb2f9942274833f7b4d296a55504dcfc7edb7b0
  SwiftLint: 76ec9c62ad369cff2937474cb34c9af3fa270b7b

PODFILE CHECKSUM: 61b50dbf4154fd536fb3dbca1dfd6c6a7544cd8e

COCOAPODS: 1.12.1
