PODS:
  - Cuckoo (1.10.3):
    - Cuckoo/Swift (= 1.10.3)
  - Cuckoo/Swift (1.10.3)
  - GBWebRTC (114.0.5735.124)
  - LanguageManager-iOS (1.2.7)
  - LifetimeTracker (1.7.1)
  - Nimble (12.3.0)
  - Quick (6.1.0)
  - RxSwift (6.6.0)
  - Starscream (3.1.1)
  - SwiftLint (0.54.0)

DEPENDENCIES:
  - Cuckoo (~> 1.10)
  - GBWebRTC (= 114.0.5735.124)
  - LanguageManager-iOS (~> 1.2.6-beta.2)
  - LifetimeTracker (= 1.7.1)
  - Nimble (~> 12.0)
  - Quick (~> 6.1)
  - RxSwift (~> 6)
  - Starscream (~> 3)
  - SwiftLint (~> 0.51)

SPEC REPOS:
  https://bitbucket.org/beautyfu/ios-pod-specs.git:
    - GBWebRTC
  trunk:
    - Cuckoo
    - LanguageManager-iOS
    - LifetimeTracker
    - Nimble
    - Quick
    - RxSwift
    - Starscream
    - SwiftLint

SPEC CHECKSUMS:
  Cuckoo: 930598bd4ae95860c658b3eea30903d946ebef36
  GBWebRTC: 9a6c3809e5dabfeeee757a024761d725dfedc065
  LanguageManager-iOS: 6b2dbb3793445827114708f0759b76e96932d7c8
  LifetimeTracker: 12f58bfab48593408fb4cab9d9050e319deb8299
  Nimble: f8a8219d16f176429b951e8f7e72df5c23ceddc0
  Quick: 6676ffb409bf04abba2ff23902af2407bfc6ac90
  RxSwift: a4b44f7d24599f674deebd1818eab82e58410632
  Starscream: 4bb2f9942274833f7b4d296a55504dcfc7edb7b0
  SwiftLint: c1de071d9d08c8aba837545f6254315bc900e211

PODFILE CHECKSUM: 4e80d84897c6a273143edfa4578d03cd41cf158b

COCOAPODS: 1.14.3
