PODS:
  - Cuckoo (1.10.3):
    - Cuckoo/Swift (= 1.10.3)
  - Cuckoo/Swift (1.10.3)
  - LanguageManager-iOS (1.2.9)
  - LifetimeTracker (1.8.4)
  - Nimble (12.3.0)
  - Quick (6.1.0)
  - RxSwift (6.6.0)
  - Starscream (4.0.6)
  - SwiftLint (0.57.0)
  - WebRTC-SDK (125.6422.04)

DEPENDENCIES:
  - Cuckoo (~> 1.10)
  - LanguageManager-iOS (~> 1.2.9-beta.1)
  - LifetimeTracker (= 1.8.4)
  - Nimble (~> 12.0)
  - Quick (~> 6.1)
  - RxSwift (~> 6)
  - Starscream (~> 4)
  - SwiftLint (~> 0.57)
  - WebRTC-SDK (= 125.6422.04)

SPEC REPOS:
  https://bitbucket.org/beautyfu/ios-pod-specs.git:
    - LifetimeTracker
  trunk:
    - Cuckoo
    - LanguageManager-iOS
    - Nimble
    - Quick
    - RxSwift
    - Starscream
    - SwiftLint
    - WebRTC-SDK

SPEC CHECKSUMS:
  Cuckoo: 930598bd4ae95860c658b3eea30903d946ebef36
  LanguageManager-iOS: c1dbb2329fc4b8c0dbc0b0d386a11ea9553a359b
  LifetimeTracker: 1a3af18793414fd5cc591ac6eab6fd27f0bfd515
  Nimble: f8a8219d16f176429b951e8f7e72df5c23ceddc0
  Quick: 6676ffb409bf04abba2ff23902af2407bfc6ac90
  RxSwift: a4b44f7d24599f674deebd1818eab82e58410632
  Starscream: fb2c4510bebf908c62bd383bcf05e673720e91fd
  SwiftLint: eb47480d47c982481592c195c221d11013a679cc
  WebRTC-SDK: c3d69a87e7185fad3568f6f3cff7c9ac5890acf3

PODFILE CHECKSUM: 441c176dbc34cc1c14a670428acd94b81f26e9d1

COCOAPODS: 1.15.2
