{
  "originHash" : "53743e34909ca17adb4662022666e83e052a8022facd4150954132f1e24f91d1",
  "pins" : [
    {
      "identity" : "lifetimetracker",
      "kind" : "remoteSourceControl",
      "location" : "https://github.com/krzysztofzablocki/LifetimeTracker.git",
      "state" : {
        "revision" : "30d347811bfcf2f37ef0c2ed7e866269c4f836ad",
        "version" : "1.8.5"
      }
    },
    {
      "identity" : "rxswift",
      "kind" : "remoteSourceControl",
      "location" : "https://github.com/ReactiveX/RxSwift.git",
      "state" : {
        "revision" : "5004a18539bd68905c5939aa893075f578f4f03d",
        "version" : "6.9.1"
      }
    },
    {
      "identity" : "starscream",
      "kind" : "remoteSourceControl",
      "location" : "https://github.com/daltoniam/Starscream.git",
      "state" : {
        "revision" : "c6bfd1af48efcc9a9ad203665db12375ba6b145a",
        "version" : "4.0.8"
      }
    }
  ],
  "version" : 3
}
