{
  "originHash" : "d5b39f446536ebd658c02882193dab833de6c347794550e51474d50509d54871",
  "pins" : [
    {
      "identity" : "gbpeerjs",
      "kind" : "remoteSourceControl",
      "location" : "git@github.com:Syafiqq/GBPeerJs.git",
      "state" : {
        "branch" : "main",
        "revision" : "d90e798a85a644c3cd6987e981055c563e8021f1"
      }
    },
    {
      "identity" : "rxswift",
      "kind" : "remoteSourceControl",
      "location" : "https://github.com/ReactiveX/RxSwift.git",
      "state" : {
        "revision" : "5004a18539bd68905c5939aa893075f578f4f03d",
        "version" : "6.9.1"
      }
    },
    {
      "identity" : "specs",
      "kind" : "remoteSourceControl",
      "location" : "https://github.com/webrtc-sdk/Specs.git",
      "state" : {
        "revision" : "226c404e334739e32a3e1c88e3c78e3468267025",
        "version" : "125.6422.9"
      }
    },
    {
      "identity" : "starscream",
      "kind" : "remoteSourceControl",
      "location" : "https://github.com/daltoniam/Starscream.git",
      "state" : {
        "revision" : "c6bfd1af48efcc9a9ad203665db12375ba6b145a",
        "version" : "4.0.8"
      }
    }
  ],
  "version" : 3
}
