// !$*UTF8*$!
{
	archiveVersion = 1;
	classes = {
	};
	objectVersion = 60;
	objects = {

/* Begin PBXBuildFile section */
		5962A4B32935DFA100183658 /* AppDelegate.swift in Sources */ = {isa = PBXBuildFile; fileRef = 5962A4B22935DFA100183658 /* AppDelegate.swift */; };
		5962A4B72935DFA100183658 /* ViewController.swift in Sources */ = {isa = PBXBuildFile; fileRef = 5962A4B62935DFA100183658 /* ViewController.swift */; };
		5962A4BA2935DFA100183658 /* Main.storyboard in Resources */ = {isa = PBXBuildFile; fileRef = 5962A4B82935DFA100183658 /* Main.storyboard */; };
		5962A4BC2935DFA200183658 /* Assets.xcassets in Resources */ = {isa = PBXBuildFile; fileRef = 5962A4BB2935DFA200183658 /* Assets.xcassets */; };
		5962A4BF2935DFA200183658 /* LaunchScreen.storyboard in Resources */ = {isa = PBXBuildFile; fileRef = 5962A4BD2935DFA200183658 /* LaunchScreen.storyboard */; };
		5962A4CA2935DFA200183658 /* GBPeerJsExampleTests.swift in Sources */ = {isa = PBXBuildFile; fileRef = 5962A4C92935DFA200183658 /* GBPeerJsExampleTests.swift */; };
		5962A4D42935DFA200183658 /* GBPeerJsExampleUITests.swift in Sources */ = {isa = PBXBuildFile; fileRef = 5962A4D32935DFA200183658 /* GBPeerJsExampleUITests.swift */; };
		5962A4D62935DFA200183658 /* GBPeerJsExampleUITestsLaunchTests.swift in Sources */ = {isa = PBXBuildFile; fileRef = 5962A4D52935DFA200183658 /* GBPeerJsExampleUITestsLaunchTests.swift */; };
		59CF3C252F26187200A3C69A /* GBPeerJs in Frameworks */ = {isa = PBXBuildFile; productRef = 59CF3C242F26187200A3C69A /* GBPeerJs */; };
		65B8C5B5E3B2C451BAEC7A3C /* ViewControllerCallAsTeacher.swift in Sources */ = {isa = PBXBuildFile; fileRef = 65B8CFF5A966C62BB4DE37FE /* ViewControllerCallAsTeacher.swift */; };
		65B8CA2DE320081858B034AE /* IceServerHelper.swift in Sources */ = {isa = PBXBuildFile; fileRef = 65B8C100C7EEA5B961662278 /* IceServerHelper.swift */; };
		65B8CFF19171573CAAB0FC5C /* ViewControllerCallAsStudent.swift in Sources */ = {isa = PBXBuildFile; fileRef = 65B8CA0115DD857EFE75DD0E /* ViewControllerCallAsStudent.swift */; };
/* End PBXBuildFile section */

/* Begin PBXContainerItemProxy section */
		5962A4C62935DFA200183658 /* PBXContainerItemProxy */ = {
			isa = PBXContainerItemProxy;
			containerPortal = 5962A4A72935DFA100183658 /* Project object */;
			proxyType = 1;
			remoteGlobalIDString = 5962A4AE2935DFA100183658;
			remoteInfo = GBPeerJsExample;
		};
		5962A4D02935DFA200183658 /* PBXContainerItemProxy */ = {
			isa = PBXContainerItemProxy;
			containerPortal = 5962A4A72935DFA100183658 /* Project object */;
			proxyType = 1;
			remoteGlobalIDString = 5962A4AE2935DFA100183658;
			remoteInfo = GBPeerJsExample;
		};
/* End PBXContainerItemProxy section */

/* Begin PBXCopyFilesBuildPhase section */
		59E0D41D2A4E63E2004CA3D2 /* Embed Frameworks */ = {
			isa = PBXCopyFilesBuildPhase;
			buildActionMask = 2147483647;
			dstPath = "";
			dstSubfolderSpec = 10;
			files = (
			);
			name = "Embed Frameworks";
			runOnlyForDeploymentPostprocessing = 0;
		};
/* End PBXCopyFilesBuildPhase section */

/* Begin PBXFileReference section */
		5962A4AF2935DFA100183658 /* GBPeerJsExample.app */ = {isa = PBXFileReference; explicitFileType = wrapper.application; includeInIndex = 0; path = GBPeerJsExample.app; sourceTree = BUILT_PRODUCTS_DIR; };
		5962A4B22935DFA100183658 /* AppDelegate.swift */ = {isa = PBXFileReference; lastKnownFileType = sourcecode.swift; path = AppDelegate.swift; sourceTree = "<group>"; };
		5962A4B62935DFA100183658 /* ViewController.swift */ = {isa = PBXFileReference; lastKnownFileType = sourcecode.swift; path = ViewController.swift; sourceTree = "<group>"; };
		5962A4B92935DFA100183658 /* Base */ = {isa = PBXFileReference; lastKnownFileType = file.storyboard; name = Base; path = Base.lproj/Main.storyboard; sourceTree = "<group>"; };
		5962A4BB2935DFA200183658 /* Assets.xcassets */ = {isa = PBXFileReference; lastKnownFileType = folder.assetcatalog; path = Assets.xcassets; sourceTree = "<group>"; };
		5962A4BE2935DFA200183658 /* Base */ = {isa = PBXFileReference; lastKnownFileType = file.storyboard; name = Base; path = Base.lproj/LaunchScreen.storyboard; sourceTree = "<group>"; };
		5962A4C02935DFA200183658 /* Info.plist */ = {isa = PBXFileReference; lastKnownFileType = text.plist.xml; path = Info.plist; sourceTree = "<group>"; };
		5962A4C52935DFA200183658 /* GBPeerJsExampleTests.xctest */ = {isa = PBXFileReference; explicitFileType = wrapper.cfbundle; includeInIndex = 0; path = GBPeerJsExampleTests.xctest; sourceTree = BUILT_PRODUCTS_DIR; };
		5962A4C92935DFA200183658 /* GBPeerJsExampleTests.swift */ = {isa = PBXFileReference; lastKnownFileType = sourcecode.swift; path = GBPeerJsExampleTests.swift; sourceTree = "<group>"; };
		5962A4CF2935DFA200183658 /* GBPeerJsExampleUITests.xctest */ = {isa = PBXFileReference; explicitFileType = wrapper.cfbundle; includeInIndex = 0; path = GBPeerJsExampleUITests.xctest; sourceTree = BUILT_PRODUCTS_DIR; };
		5962A4D32935DFA200183658 /* GBPeerJsExampleUITests.swift */ = {isa = PBXFileReference; lastKnownFileType = sourcecode.swift; path = GBPeerJsExampleUITests.swift; sourceTree = "<group>"; };
		5962A4D52935DFA200183658 /* GBPeerJsExampleUITestsLaunchTests.swift */ = {isa = PBXFileReference; lastKnownFileType = sourcecode.swift; path = GBPeerJsExampleUITestsLaunchTests.swift; sourceTree = "<group>"; };
		65B8C100C7EEA5B961662278 /* IceServerHelper.swift */ = {isa = PBXFileReference; fileEncoding = 4; lastKnownFileType = sourcecode.swift; path = IceServerHelper.swift; sourceTree = "<group>"; };
		65B8CA0115DD857EFE75DD0E /* ViewControllerCallAsStudent.swift */ = {isa = PBXFileReference; fileEncoding = 4; lastKnownFileType = sourcecode.swift; path = ViewControllerCallAsStudent.swift; sourceTree = "<group>"; };
		65B8CFF5A966C62BB4DE37FE /* ViewControllerCallAsTeacher.swift */ = {isa = PBXFileReference; fileEncoding = 4; lastKnownFileType = sourcecode.swift; path = ViewControllerCallAsTeacher.swift; sourceTree = "<group>"; };
/* End PBXFileReference section */

/* Begin PBXFrameworksBuildPhase section */
		5962A4AC2935DFA100183658 /* Frameworks */ = {
			isa = PBXFrameworksBuildPhase;
			buildActionMask = 2147483647;
			files = (
				59CF3C252F26187200A3C69A /* GBPeerJs in Frameworks */,
			);
			runOnlyForDeploymentPostprocessing = 0;
		};
		5962A4C22935DFA200183658 /* Frameworks */ = {
			isa = PBXFrameworksBuildPhase;
			buildActionMask = 2147483647;
			files = (
			);
			runOnlyForDeploymentPostprocessing = 0;
		};
		5962A4CC2935DFA200183658 /* Frameworks */ = {
			isa = PBXFrameworksBuildPhase;
			buildActionMask = 2147483647;
			files = (
			);
			runOnlyForDeploymentPostprocessing = 0;
		};
/* End PBXFrameworksBuildPhase section */

/* Begin PBXGroup section */
		5962A4A62935DFA100183658 = {
			isa = PBXGroup;
			children = (
				5962A4B12935DFA100183658 /* GBPeerJsExample */,
				5962A4C82935DFA200183658 /* GBPeerJsExampleTests */,
				5962A4D22935DFA200183658 /* GBPeerJsExampleUITests */,
				5962A4B02935DFA100183658 /* Products */,
				8127A5D3838CD9E3B9355832 /* Frameworks */,
			);
			sourceTree = "<group>";
		};
		5962A4B02935DFA100183658 /* Products */ = {
			isa = PBXGroup;
			children = (
				5962A4AF2935DFA100183658 /* GBPeerJsExample.app */,
				5962A4C52935DFA200183658 /* GBPeerJsExampleTests.xctest */,
				5962A4CF2935DFA200183658 /* GBPeerJsExampleUITests.xctest */,
			);
			name = Products;
			sourceTree = "<group>";
		};
		5962A4B12935DFA100183658 /* GBPeerJsExample */ = {
			isa = PBXGroup;
			children = (
				5962A4B22935DFA100183658 /* AppDelegate.swift */,
				5962A4B62935DFA100183658 /* ViewController.swift */,
				5962A4B82935DFA100183658 /* Main.storyboard */,
				5962A4BB2935DFA200183658 /* Assets.xcassets */,
				5962A4BD2935DFA200183658 /* LaunchScreen.storyboard */,
				5962A4C02935DFA200183658 /* Info.plist */,
				65B8C100C7EEA5B961662278 /* IceServerHelper.swift */,
				65B8CA0115DD857EFE75DD0E /* ViewControllerCallAsStudent.swift */,
				65B8CFF5A966C62BB4DE37FE /* ViewControllerCallAsTeacher.swift */,
			);
			path = GBPeerJsExample;
			sourceTree = "<group>";
		};
		5962A4C82935DFA200183658 /* GBPeerJsExampleTests */ = {
			isa = PBXGroup;
			children = (
				5962A4C92935DFA200183658 /* GBPeerJsExampleTests.swift */,
			);
			path = GBPeerJsExampleTests;
			sourceTree = "<group>";
		};
		5962A4D22935DFA200183658 /* GBPeerJsExampleUITests */ = {
			isa = PBXGroup;
			children = (
				5962A4D32935DFA200183658 /* GBPeerJsExampleUITests.swift */,
				5962A4D52935DFA200183658 /* GBPeerJsExampleUITestsLaunchTests.swift */,
			);
			path = GBPeerJsExampleUITests;
			sourceTree = "<group>";
		};
		8127A5D3838CD9E3B9355832 /* Frameworks */ = {
			isa = PBXGroup;
			children = (
			);
			name = Frameworks;
			sourceTree = "<group>";
		};
/* End PBXGroup section */

/* Begin PBXNativeTarget section */
		5962A4AE2935DFA100183658 /* GBPeerJsExample */ = {
			isa = PBXNativeTarget;
			buildConfigurationList = 5962A4D92935DFA200183658 /* Build configuration list for PBXNativeTarget "GBPeerJsExample" */;
			buildPhases = (
				5962A4AB2935DFA100183658 /* Sources */,
				5962A4AC2935DFA100183658 /* Frameworks */,
				5962A4AD2935DFA100183658 /* Resources */,
				59E0D41D2A4E63E2004CA3D2 /* Embed Frameworks */,
			);
			buildRules = (
			);
			dependencies = (
			);
			name = GBPeerJsExample;
			productName = GBPeerJsExample;
			productReference = 5962A4AF2935DFA100183658 /* GBPeerJsExample.app */;
			productType = "com.apple.product-type.application";
		};
		5962A4C42935DFA200183658 /* GBPeerJsExampleTests */ = {
			isa = PBXNativeTarget;
			buildConfigurationList = 5962A4DC2935DFA200183658 /* Build configuration list for PBXNativeTarget "GBPeerJsExampleTests" */;
			buildPhases = (
				5962A4C12935DFA200183658 /* Sources */,
				5962A4C22935DFA200183658 /* Frameworks */,
				5962A4C32935DFA200183658 /* Resources */,
			);
			buildRules = (
			);
			dependencies = (
				5962A4C72935DFA200183658 /* PBXTargetDependency */,
			);
			name = GBPeerJsExampleTests;
			productName = GBPeerJsExampleTests;
			productReference = 5962A4C52935DFA200183658 /* GBPeerJsExampleTests.xctest */;
			productType = "com.apple.product-type.bundle.unit-test";
		};
		5962A4CE2935DFA200183658 /* GBPeerJsExampleUITests */ = {
			isa = PBXNativeTarget;
			buildConfigurationList = 5962A4DF2935DFA200183658 /* Build configuration list for PBXNativeTarget "GBPeerJsExampleUITests" */;
			buildPhases = (
				5962A4CB2935DFA200183658 /* Sources */,
				5962A4CC2935DFA200183658 /* Frameworks */,
				5962A4CD2935DFA200183658 /* Resources */,
			);
			buildRules = (
			);
			dependencies = (
				5962A4D12935DFA200183658 /* PBXTargetDependency */,
			);
			name = GBPeerJsExampleUITests;
			productName = GBPeerJsExampleUITests;
			productReference = 5962A4CF2935DFA200183658 /* GBPeerJsExampleUITests.xctest */;
			productType = "com.apple.product-type.bundle.ui-testing";
		};
/* End PBXNativeTarget section */

/* Begin PBXProject section */
		5962A4A72935DFA100183658 /* Project object */ = {
			isa = PBXProject;
			attributes = {
				BuildIndependentTargetsInParallel = 1;
				LastSwiftUpdateCheck = 1410;
				LastUpgradeCheck = 1510;
				TargetAttributes = {
					5962A4AE2935DFA100183658 = {
						CreatedOnToolsVersion = 14.1;
					};
					5962A4C42935DFA200183658 = {
						CreatedOnToolsVersion = 14.1;
						TestTargetID = 5962A4AE2935DFA100183658;
					};
					5962A4CE2935DFA200183658 = {
						CreatedOnToolsVersion = 14.1;
						TestTargetID = 5962A4AE2935DFA100183658;
					};
				};
			};
			buildConfigurationList = 5962A4AA2935DFA100183658 /* Build configuration list for PBXProject "GBPeerJsExample" */;
			compatibilityVersion = "Xcode 14.0";
			developmentRegion = en;
			hasScannedForEncodings = 0;
			knownRegions = (
				en,
				Base,
			);
			mainGroup = 5962A4A62935DFA100183658;
			packageReferences = (
				59CF3C232F26187200A3C69A /* XCLocalSwiftPackageReference "../../Library/GBPeerJs" */,
			);
			productRefGroup = 5962A4B02935DFA100183658 /* Products */;
			projectDirPath = "";
			projectRoot = "";
			targets = (
				5962A4AE2935DFA100183658 /* GBPeerJsExample */,
				5962A4C42935DFA200183658 /* GBPeerJsExampleTests */,
				5962A4CE2935DFA200183658 /* GBPeerJsExampleUITests */,
			);
		};
/* End PBXProject section */

/* Begin PBXResourcesBuildPhase section */
		5962A4AD2935DFA100183658 /* Resources */ = {
			isa = PBXResourcesBuildPhase;
			buildActionMask = 2147483647;
			files = (
				5962A4BF2935DFA200183658 /* LaunchScreen.storyboard in Resources */,
				5962A4BC2935DFA200183658 /* Assets.xcassets in Resources */,
				5962A4BA2935DFA100183658 /* Main.storyboard in Resources */,
			);
			runOnlyForDeploymentPostprocessing = 0;
		};
		5962A4C32935DFA200183658 /* Resources */ = {
			isa = PBXResourcesBuildPhase;
			buildActionMask = 2147483647;
			files = (
			);
			runOnlyForDeploymentPostprocessing = 0;
		};
		5962A4CD2935DFA200183658 /* Resources */ = {
			isa = PBXResourcesBuildPhase;
			buildActionMask = 2147483647;
			files = (
			);
			runOnlyForDeploymentPostprocessing = 0;
		};
/* End PBXResourcesBuildPhase section */

/* Begin PBXSourcesBuildPhase section */
		5962A4AB2935DFA100183658 /* Sources */ = {
			isa = PBXSourcesBuildPhase;
			buildActionMask = 2147483647;
			files = (
				5962A4B72935DFA100183658 /* ViewController.swift in Sources */,
				5962A4B32935DFA100183658 /* AppDelegate.swift in Sources */,
				65B8CA2DE320081858B034AE /* IceServerHelper.swift in Sources */,
				65B8CFF19171573CAAB0FC5C /* ViewControllerCallAsStudent.swift in Sources */,
				65B8C5B5E3B2C451BAEC7A3C /* ViewControllerCallAsTeacher.swift in Sources */,
			);
			runOnlyForDeploymentPostprocessing = 0;
		};
		5962A4C12935DFA200183658 /* Sources */ = {
			isa = PBXSourcesBuildPhase;
			buildActionMask = 2147483647;
			files = (
				5962A4CA2935DFA200183658 /* GBPeerJsExampleTests.swift in Sources */,
			);
			runOnlyForDeploymentPostprocessing = 0;
		};
		5962A4CB2935DFA200183658 /* Sources */ = {
			isa = PBXSourcesBuildPhase;
			buildActionMask = 2147483647;
			files = (
				5962A4D62935DFA200183658 /* GBPeerJsExampleUITestsLaunchTests.swift in Sources */,
				5962A4D42935DFA200183658 /* GBPeerJsExampleUITests.swift in Sources */,
			);
			runOnlyForDeploymentPostprocessing = 0;
		};
/* End PBXSourcesBuildPhase section */

/* Begin PBXTargetDependency section */
		5962A4C72935DFA200183658 /* PBXTargetDependency */ = {
			isa = PBXTargetDependency;
			target = 5962A4AE2935DFA100183658 /* GBPeerJsExample */;
			targetProxy = 5962A4C62935DFA200183658 /* PBXContainerItemProxy */;
		};
		5962A4D12935DFA200183658 /* PBXTargetDependency */ = {
			isa = PBXTargetDependency;
			target = 5962A4AE2935DFA100183658 /* GBPeerJsExample */;
			targetProxy = 5962A4D02935DFA200183658 /* PBXContainerItemProxy */;
		};
/* End PBXTargetDependency section */

/* Begin PBXVariantGroup section */
		5962A4B82935DFA100183658 /* Main.storyboard */ = {
			isa = PBXVariantGroup;
			children = (
				5962A4B92935DFA100183658 /* Base */,
			);
			name = Main.storyboard;
			sourceTree = "<group>";
		};
		5962A4BD2935DFA200183658 /* LaunchScreen.storyboard */ = {
			isa = PBXVariantGroup;
			children = (
				5962A4BE2935DFA200183658 /* Base */,
			);
			name = LaunchScreen.storyboard;
			sourceTree = "<group>";
		};
/* End PBXVariantGroup section */

/* Begin XCBuildConfiguration section */
		5962A4D72935DFA200183658 /* Debug */ = {
			isa = XCBuildConfiguration;
			buildSettings = {
				ALWAYS_SEARCH_USER_PATHS = NO;
				CLANG_ANALYZER_NONNULL = YES;
				CLANG_ANALYZER_NUMBER_OBJECT_CONVERSION = YES_AGGRESSIVE;
				CLANG_CXX_LANGUAGE_STANDARD = "gnu++20";
				CLANG_ENABLE_MODULES = YES;
				CLANG_ENABLE_OBJC_ARC = YES;
				CLANG_ENABLE_OBJC_WEAK = YES;
				CLANG_WARN_BLOCK_CAPTURE_AUTORELEASING = YES;
				CLANG_WARN_BOOL_CONVERSION = YES;
				CLANG_WARN_COMMA = YES;
				CLANG_WARN_CONSTANT_CONVERSION = YES;
				CLANG_WARN_DEPRECATED_OBJC_IMPLEMENTATIONS = YES;
				CLANG_WARN_DIRECT_OBJC_ISA_USAGE = YES_ERROR;
				CLANG_WARN_DOCUMENTATION_COMMENTS = YES;
				CLANG_WARN_EMPTY_BODY = YES;
				CLANG_WARN_ENUM_CONVERSION = YES;
				CLANG_WARN_INFINITE_RECURSION = YES;
				CLANG_WARN_INT_CONVERSION = YES;
				CLANG_WARN_NON_LITERAL_NULL_CONVERSION = YES;
				CLANG_WARN_OBJC_IMPLICIT_RETAIN_SELF = YES;
				CLANG_WARN_OBJC_LITERAL_CONVERSION = YES;
				CLANG_WARN_OBJC_ROOT_CLASS = YES_ERROR;
				CLANG_WARN_QUOTED_INCLUDE_IN_FRAMEWORK_HEADER = YES;
				CLANG_WARN_RANGE_LOOP_ANALYSIS = YES;
				CLANG_WARN_STRICT_PROTOTYPES = YES;
				CLANG_WARN_SUSPICIOUS_MOVE = YES;
				CLANG_WARN_UNGUARDED_AVAILABILITY = YES_AGGRESSIVE;
				CLANG_WARN_UNREACHABLE_CODE = YES;
				CLANG_WARN__DUPLICATE_METHOD_MATCH = YES;
				COPY_PHASE_STRIP = NO;
				DEBUG_INFORMATION_FORMAT = dwarf;
				ENABLE_STRICT_OBJC_MSGSEND = YES;
				ENABLE_TESTABILITY = YES;
				ENABLE_USER_SCRIPT_SANDBOXING = NO;
				GCC_C_LANGUAGE_STANDARD = gnu11;
				GCC_DYNAMIC_NO_PIC = NO;
				GCC_NO_COMMON_BLOCKS = YES;
				GCC_OPTIMIZATION_LEVEL = 0;
				GCC_PREPROCESSOR_DEFINITIONS = (
					"DEBUG=1",
					"$(inherited)",
				);
				GCC_WARN_64_TO_32_BIT_CONVERSION = YES;
				GCC_WARN_ABOUT_RETURN_TYPE = YES_ERROR;
				GCC_WARN_UNDECLARED_SELECTOR = YES;
				GCC_WARN_UNINITIALIZED_AUTOS = YES_AGGRESSIVE;
				GCC_WARN_UNUSED_FUNCTION = YES;
				GCC_WARN_UNUSED_VARIABLE = YES;
				IPHONEOS_DEPLOYMENT_TARGET = 13.0;
				MTL_ENABLE_DEBUG_INFO = INCLUDE_SOURCE;
				MTL_FAST_MATH = YES;
				ONLY_ACTIVE_ARCH = YES;
				SDKROOT = iphoneos;
				SWIFT_ACTIVE_COMPILATION_CONDITIONS = DEBUG;
				SWIFT_OPTIMIZATION_LEVEL = "-Onone";
			};
			name = Debug;
		};
		5962A4D82935DFA200183658 /* Release */ = {
			isa = XCBuildConfiguration;
			buildSettings = {
				ALWAYS_SEARCH_USER_PATHS = NO;
				CLANG_ANALYZER_NONNULL = YES;
				CLANG_ANALYZER_NUMBER_OBJECT_CONVERSION = YES_AGGRESSIVE;
				CLANG_CXX_LANGUAGE_STANDARD = "gnu++20";
				CLANG_ENABLE_MODULES = YES;
				CLANG_ENABLE_OBJC_ARC = YES;
				CLANG_ENABLE_OBJC_WEAK = YES;
				CLANG_WARN_BLOCK_CAPTURE_AUTORELEASING = YES;
				CLANG_WARN_BOOL_CONVERSION = YES;
				CLANG_WARN_COMMA = YES;
				CLANG_WARN_CONSTANT_CONVERSION = YES;
				CLANG_WARN_DEPRECATED_OBJC_IMPLEMENTATIONS = YES;
				CLANG_WARN_DIRECT_OBJC_ISA_USAGE = YES_ERROR;
				CLANG_WARN_DOCUMENTATION_COMMENTS = YES;
				CLANG_WARN_EMPTY_BODY = YES;
				CLANG_WARN_ENUM_CONVERSION = YES;
				CLANG_WARN_INFINITE_RECURSION = YES;
				CLANG_WARN_INT_CONVERSION = YES;
				CLANG_WARN_NON_LITERAL_NULL_CONVERSION = YES;
				CLANG_WARN_OBJC_IMPLICIT_RETAIN_SELF = YES;
				CLANG_WARN_OBJC_LITERAL_CONVERSION = YES;
				CLANG_WARN_OBJC_ROOT_CLASS = YES_ERROR;
				CLANG_WARN_QUOTED_INCLUDE_IN_FRAMEWORK_HEADER = YES;
				CLANG_WARN_RANGE_LOOP_ANALYSIS = YES;
				CLANG_WARN_STRICT_PROTOTYPES = YES;
				CLANG_WARN_SUSPICIOUS_MOVE = YES;
				CLANG_WARN_UNGUARDED_AVAILABILITY = YES_AGGRESSIVE;
				CLANG_WARN_UNREACHABLE_CODE = YES;
				CLANG_WARN__DUPLICATE_METHOD_MATCH = YES;
				COPY_PHASE_STRIP = NO;
				DEBUG_INFORMATION_FORMAT = "dwarf-with-dsym";
				ENABLE_NS_ASSERTIONS = NO;
				ENABLE_STRICT_OBJC_MSGSEND = YES;
				ENABLE_USER_SCRIPT_SANDBOXING = NO;
				GCC_C_LANGUAGE_STANDARD = gnu11;
				GCC_NO_COMMON_BLOCKS = YES;
				GCC_WARN_64_TO_32_BIT_CONVERSION = YES;
				GCC_WARN_ABOUT_RETURN_TYPE = YES_ERROR;
				GCC_WARN_UNDECLARED_SELECTOR = YES;
				GCC_WARN_UNINITIALIZED_AUTOS = YES_AGGRESSIVE;
				GCC_WARN_UNUSED_FUNCTION = YES;
				GCC_WARN_UNUSED_VARIABLE = YES;
				IPHONEOS_DEPLOYMENT_TARGET = 13.0;
				MTL_ENABLE_DEBUG_INFO = NO;
				MTL_FAST_MATH = YES;
				SDKROOT = iphoneos;
				SWIFT_COMPILATION_MODE = wholemodule;
				SWIFT_OPTIMIZATION_LEVEL = "-O";
				VALIDATE_PRODUCT = YES;
			};
			name = Release;
		};
		5962A4DA2935DFA200183658 /* Debug */ = {
			isa = XCBuildConfiguration;
			buildSettings = {
				ASSETCATALOG_COMPILER_APPICON_NAME = AppIcon;
				ASSETCATALOG_COMPILER_GLOBAL_ACCENT_COLOR_NAME = AccentColor;
				CODE_SIGN_STYLE = Automatic;
				CURRENT_PROJECT_VERSION = 1;
				DEVELOPMENT_TEAM = 68M5L3KNEH;
				GENERATE_INFOPLIST_FILE = YES;
				INFOPLIST_FILE = GBPeerJsExample/Info.plist;
				INFOPLIST_KEY_UIApplicationSupportsIndirectInputEvents = YES;
				INFOPLIST_KEY_UILaunchStoryboardName = LaunchScreen;
				INFOPLIST_KEY_UIMainStoryboardFile = Main;
				INFOPLIST_KEY_UISupportedInterfaceOrientations_iPad = "UIInterfaceOrientationPortrait UIInterfaceOrientationPortraitUpsideDown UIInterfaceOrientationLandscapeLeft UIInterfaceOrientationLandscapeRight";
				INFOPLIST_KEY_UISupportedInterfaceOrientations_iPhone = "UIInterfaceOrientationPortrait UIInterfaceOrientationLandscapeLeft UIInterfaceOrientationLandscapeRight";
				IPHONEOS_DEPLOYMENT_TARGET = 13.0;
				LD_RUNPATH_SEARCH_PATHS = (
					"$(inherited)",
					"@executable_path/Frameworks",
				);
				MARKETING_VERSION = 2.0.4;
				PRODUCT_BUNDLE_IDENTIFIER = com.geniebook.GBPeerJsExample;
				PRODUCT_NAME = "$(TARGET_NAME)";
				SUPPORTED_PLATFORMS = "iphoneos iphonesimulator";
				SUPPORTS_MACCATALYST = NO;
				SUPPORTS_MAC_DESIGNED_FOR_IPHONE_IPAD = YES;
				SWIFT_EMIT_LOC_STRINGS = YES;
				SWIFT_VERSION = 5.0;
				TARGETED_DEVICE_FAMILY = "1,2";
			};
			name = Debug;
		};
		5962A4DB2935DFA200183658 /* Release */ = {
			isa = XCBuildConfiguration;
			buildSettings = {
				ASSETCATALOG_COMPILER_APPICON_NAME = AppIcon;
				ASSETCATALOG_COMPILER_GLOBAL_ACCENT_COLOR_NAME = AccentColor;
				CODE_SIGN_STYLE = Automatic;
				CURRENT_PROJECT_VERSION = 1;
				DEVELOPMENT_TEAM = 68M5L3KNEH;
				GENERATE_INFOPLIST_FILE = YES;
				INFOPLIST_FILE = GBPeerJsExample/Info.plist;
				INFOPLIST_KEY_UIApplicationSupportsIndirectInputEvents = YES;
				INFOPLIST_KEY_UILaunchStoryboardName = LaunchScreen;
				INFOPLIST_KEY_UIMainStoryboardFile = Main;
				INFOPLIST_KEY_UISupportedInterfaceOrientations_iPad = "UIInterfaceOrientationPortrait UIInterfaceOrientationPortraitUpsideDown UIInterfaceOrientationLandscapeLeft UIInterfaceOrientationLandscapeRight";
				INFOPLIST_KEY_UISupportedInterfaceOrientations_iPhone = "UIInterfaceOrientationPortrait UIInterfaceOrientationLandscapeLeft UIInterfaceOrientationLandscapeRight";
				IPHONEOS_DEPLOYMENT_TARGET = 13.0;
				LD_RUNPATH_SEARCH_PATHS = (
					"$(inherited)",
					"@executable_path/Frameworks",
				);
				MARKETING_VERSION = 2.0.4;
				PRODUCT_BUNDLE_IDENTIFIER = com.geniebook.GBPeerJsExample;
				PRODUCT_NAME = "$(TARGET_NAME)";
				SUPPORTED_PLATFORMS = "iphoneos iphonesimulator";
				SUPPORTS_MACCATALYST = NO;
				SUPPORTS_MAC_DESIGNED_FOR_IPHONE_IPAD = YES;
				SWIFT_EMIT_LOC_STRINGS = YES;
				SWIFT_VERSION = 5.0;
				TARGETED_DEVICE_FAMILY = "1,2";
			};
			name = Release;
		};
		5962A4DD2935DFA200183658 /* Debug */ = {
			isa = XCBuildConfiguration;
			buildSettings = {
				BUNDLE_LOADER = "$(TEST_HOST)";
				CODE_SIGN_STYLE = Automatic;
				CURRENT_PROJECT_VERSION = 1;
				DEVELOPMENT_TEAM = 68M5L3KNEH;
				GENERATE_INFOPLIST_FILE = YES;
				IPHONEOS_DEPLOYMENT_TARGET = 13.0;
				MARKETING_VERSION = 2.0.4;
				PRODUCT_BUNDLE_IDENTIFIER = com.geniebook.GBPeerJsExampleTests;
				PRODUCT_NAME = "$(TARGET_NAME)";
				SUPPORTED_PLATFORMS = "iphoneos iphonesimulator";
				SUPPORTS_MACCATALYST = NO;
				SUPPORTS_MAC_DESIGNED_FOR_IPHONE_IPAD = YES;
				SWIFT_EMIT_LOC_STRINGS = NO;
				SWIFT_VERSION = 5.0;
				TARGETED_DEVICE_FAMILY = "1,2";
				TEST_HOST = "$(BUILT_PRODUCTS_DIR)/GBPeerJsExample.app/$(BUNDLE_EXECUTABLE_FOLDER_PATH)/GBPeerJsExample";
			};
			name = Debug;
		};
		5962A4DE2935DFA200183658 /* Release */ = {
			isa = XCBuildConfiguration;
			buildSettings = {
				BUNDLE_LOADER = "$(TEST_HOST)";
				CODE_SIGN_STYLE = Automatic;
				CURRENT_PROJECT_VERSION = 1;
				DEVELOPMENT_TEAM = 68M5L3KNEH;
				GENERATE_INFOPLIST_FILE = YES;
				IPHONEOS_DEPLOYMENT_TARGET = 13.0;
				MARKETING_VERSION = 2.0.4;
				PRODUCT_BUNDLE_IDENTIFIER = com.geniebook.GBPeerJsExampleTests;
				PRODUCT_NAME = "$(TARGET_NAME)";
				SUPPORTED_PLATFORMS = "iphoneos iphonesimulator";
				SUPPORTS_MACCATALYST = NO;
				SUPPORTS_MAC_DESIGNED_FOR_IPHONE_IPAD = YES;
				SWIFT_EMIT_LOC_STRINGS = NO;
				SWIFT_VERSION = 5.0;
				TARGETED_DEVICE_FAMILY = "1,2";
				TEST_HOST = "$(BUILT_PRODUCTS_DIR)/GBPeerJsExample.app/$(BUNDLE_EXECUTABLE_FOLDER_PATH)/GBPeerJsExample";
			};
			name = Release;
		};
		5962A4E02935DFA200183658 /* Debug */ = {
			isa = XCBuildConfiguration;
			buildSettings = {
				CODE_SIGN_STYLE = Automatic;
				CURRENT_PROJECT_VERSION = 1;
				DEVELOPMENT_TEAM = 68M5L3KNEH;
				GENERATE_INFOPLIST_FILE = YES;
				IPHONEOS_DEPLOYMENT_TARGET = 13.0;
				MARKETING_VERSION = 2.0.4;
				PRODUCT_BUNDLE_IDENTIFIER = com.geniebook.GBPeerJsExampleUITests;
				PRODUCT_NAME = "$(TARGET_NAME)";
				SUPPORTED_PLATFORMS = "iphoneos iphonesimulator";
				SUPPORTS_MACCATALYST = NO;
				SUPPORTS_MAC_DESIGNED_FOR_IPHONE_IPAD = YES;
				SWIFT_EMIT_LOC_STRINGS = NO;
				SWIFT_VERSION = 5.0;
				TARGETED_DEVICE_FAMILY = "1,2";
				TEST_TARGET_NAME = GBPeerJsExample;
			};
			name = Debug;
		};
		5962A4E12935DFA200183658 /* Release */ = {
			isa = XCBuildConfiguration;
			buildSettings = {
				CODE_SIGN_STYLE = Automatic;
				CURRENT_PROJECT_VERSION = 1;
				DEVELOPMENT_TEAM = 68M5L3KNEH;
				GENERATE_INFOPLIST_FILE = YES;
				IPHONEOS_DEPLOYMENT_TARGET = 13.0;
				MARKETING_VERSION = 2.0.4;
				PRODUCT_BUNDLE_IDENTIFIER = com.geniebook.GBPeerJsExampleUITests;
				PRODUCT_NAME = "$(TARGET_NAME)";
				SUPPORTED_PLATFORMS = "iphoneos iphonesimulator";
				SUPPORTS_MACCATALYST = NO;
				SUPPORTS_MAC_DESIGNED_FOR_IPHONE_IPAD = YES;
				SWIFT_EMIT_LOC_STRINGS = NO;
				SWIFT_VERSION = 5.0;
				TARGETED_DEVICE_FAMILY = "1,2";
				TEST_TARGET_NAME = GBPeerJsExample;
			};
			name = Release;
		};
/* End XCBuildConfiguration section */

/* Begin XCConfigurationList section */
		5962A4AA2935DFA100183658 /* Build configuration list for PBXProject "GBPeerJsExample" */ = {
			isa = XCConfigurationList;
			buildConfigurations = (
				5962A4D72935DFA200183658 /* Debug */,
				5962A4D82935DFA200183658 /* Release */,
			);
			defaultConfigurationIsVisible = 0;
			defaultConfigurationName = Release;
		};
		5962A4D92935DFA200183658 /* Build configuration list for PBXNativeTarget "GBPeerJsExample" */ = {
			isa = XCConfigurationList;
			buildConfigurations = (
				5962A4DA2935DFA200183658 /* Debug */,
				5962A4DB2935DFA200183658 /* Release */,
			);
			defaultConfigurationIsVisible = 0;
			defaultConfigurationName = Release;
		};
		5962A4DC2935DFA200183658 /* Build configuration list for PBXNativeTarget "GBPeerJsExampleTests" */ = {
			isa = XCConfigurationList;
			buildConfigurations = (
				5962A4DD2935DFA200183658 /* Debug */,
				5962A4DE2935DFA200183658 /* Release */,
			);
			defaultConfigurationIsVisible = 0;
			defaultConfigurationName = Release;
		};
		5962A4DF2935DFA200183658 /* Build configuration list for PBXNativeTarget "GBPeerJsExampleUITests" */ = {
			isa = XCConfigurationList;
			buildConfigurations = (
				5962A4E02935DFA200183658 /* Debug */,
				5962A4E12935DFA200183658 /* Release */,
			);
			defaultConfigurationIsVisible = 0;
			defaultConfigurationName = Release;
		};
/* End XCConfigurationList section */

/* Begin XCLocalSwiftPackageReference section */
		59CF3C232F26187200A3C69A /* XCLocalSwiftPackageReference "../../Library/GBPeerJs" */ = {
			isa = XCLocalSwiftPackageReference;
			relativePath = ../../Library/GBPeerJs;
		};
/* End XCLocalSwiftPackageReference section */

/* Begin XCSwiftPackageProductDependency section */
		59CF3C242F26187200A3C69A /* GBPeerJs */ = {
			isa = XCSwiftPackageProductDependency;
			productName = GBPeerJs;
		};
/* End XCSwiftPackageProductDependency section */
	};
	rootObject = 5962A4A72935DFA100183658 /* Project object */;
}
